
Microsoft Visual Studio Solution File, Format Version 12.00
# Visual Studio Version 16
VisualStudioVersion = 16.0.30225.117
MinimumVisualStudioVersion = 10.0.40219.1
Project("{FAE04EC0-301F-11D3-BF4B-00C04F79EFBC}") = "EasyNetQIntro.Publisher", "EasyNetQIntro.Publisher\EasyNetQIntro.Publisher.csproj", "{5D29C3C8-12A6-4684-84DC-1EFA127CC70D}"
EndProject
Project("{FAE04EC0-301F-11D3-BF4B-00C04F79EFBC}") = "EasyNetQIntro.Subscriber", "EasyNetQIntro.Subscriber\EasyNetQIntro.Subscriber.csproj", "{0C5CFF7E-5DD6-4623-88B9-90345E34428A}"
EndProject
Project("{FAE04EC0-301F-11D3-BF4B-00C04F79EFBC}") = "EasyNetQIntro.Messages", "EasyNetQIntro.Messages\EasyNetQIntro.Messages.csproj", "{ABC223BE-3CFA-4093-9A8E-6F6728EC9817}"
EndProject
Global
	GlobalSection(SolutionConfigurationPlatforms) = preSolution
		Debug|Any CPU = Debug|Any CPU
		Release|Any CPU = Release|Any CPU
	EndGlobalSection
	GlobalSection(ProjectConfigurationPlatforms) = postSolution
		{5D29C3C8-12A6-4684-84DC-1EFA127CC70D}.Debug|Any CPU.ActiveCfg = Debug|Any CPU
		{5D29C3C8-12A6-4684-84DC-1EFA127CC70D}.Debug|Any CPU.Build.0 = Debug|Any CPU
		{5D29C3C8-12A6-4684-84DC-1EFA127CC70D}.Release|Any CPU.ActiveCfg = Release|Any CPU
		{5D29C3C8-12A6-4684-84DC-1EFA127CC70D}.Release|Any CPU.Build.0 = Release|Any CPU
		{0C5CFF7E-5DD6-4623-88B9-90345E34428A}.Debug|Any CPU.ActiveCfg = Debug|Any CPU
		{0C5CFF7E-5DD6-4623-88B9-90345E34428A}.Debug|Any CPU.Build.0 = Debug|Any CPU
		{0C5CFF7E-5DD6-4623-88B9-90345E34428A}.Release|Any CPU.ActiveCfg = Release|Any CPU
		{0C5CFF7E-5DD6-4623-88B9-90345E34428A}.Release|Any CPU.Build.0 = Release|Any CPU
		{ABC223BE-3CFA-4093-9A8E-6F6728EC9817}.Debug|Any CPU.ActiveCfg = Debug|Any CPU
		{ABC223BE-3CFA-4093-9A8E-6F6728EC9817}.Debug|Any CPU.Build.0 = Debug|Any CPU
		{ABC223BE-3CFA-4093-9A8E-6F6728EC9817}.Release|Any CPU.ActiveCfg = Release|Any CPU
		{ABC223BE-3CFA-4093-9A8E-6F6728EC9817}.Release|Any CPU.Build.0 = Release|Any CPU
	EndGlobalSection
	GlobalSection(SolutionProperties) = preSolution
		HideSolutionNode = FALSE
	EndGlobalSection
	GlobalSection(ExtensibilityGlobals) = postSolution
		SolutionGuid = {6390CEE1-1036-427D-8AE7-5CFE19AC7C5E}
	EndGlobalSection
EndGlobal
